
Microsoft Visual Studio Solution File, Format Version 12.00
# Visual Studio 15
VisualStudioVersion = 15.0.28010.2026
MinimumVisualStudioVersion = 10.0.40219.1
Project("{FAE04EC0-301F-11D3-BF4B-00C04F79EFBC}") = "Delegate_Demo", "Delegate_Demo\Delegate_Demo.csproj", "{2070A329-2A98-4F3D-8111-B164CCDA288E}"
EndProject
Global
	GlobalSection(SolutionConfigurationPlatforms) = preSolution
		Debug|Any CPU = Debug|Any CPU
		Release|Any CPU = Release|Any CPU
	EndGlobalSection
	GlobalSection(ProjectConfigurationPlatforms) = postSolution
		{2070A329-2A98-4F3D-8111-B164CCDA288E}.Debug|Any CPU.ActiveCfg = Debug|Any CPU
		{2070A329-2A98-4F3D-8111-B164CCDA288E}.Debug|Any CPU.Build.0 = Debug|Any CPU
		{2070A329-2A98-4F3D-8111-B164CCDA288E}.Release|Any CPU.ActiveCfg = Release|Any CPU
		{2070A329-2A98-4F3D-8111-B164CCDA288E}.Release|Any CPU.Build.0 = Release|Any CPU
	EndGlobalSection
	GlobalSection(SolutionProperties) = preSolution
		HideSolutionNode = FALSE
	EndGlobalSection
	GlobalSection(ExtensibilityGlobals) = postSolution
		SolutionGuid = {C1E8CF30-FDBE-4686-BD5A-9BF85BE65AE1}
	EndGlobalSection
EndGlobal
